
Microsoft Visual Studio Solution File, Format Version 12.00
# Visual Studio 15
Project("{FAE04EC0-301F-11D3-BF4B-00C04F79EFBC}") = "OrderApi", "OrderApi.csproj", "{ADE8E7F5-0DD9-48E5-AAED-6B0F2A3349CF}"
EndProject
Global
	GlobalSection(SolutionConfigurationPlatforms) = preSolution
		Debug|Any CPU = Debug|Any CPU
		Release|Any CPU = Release|Any CPU
	EndGlobalSection
	GlobalSection(ProjectConfigurationPlatforms) = postSolution
		{ADE8E7F5-0DD9-48E5-AAED-6B0F2A3349CF}.Debug|Any CPU.ActiveCfg = Debug|Any CPU
		{ADE8E7F5-0DD9-48E5-AAED-6B0F2A3349CF}.Debug|Any CPU.Build.0 = Debug|Any CPU
		{ADE8E7F5-0DD9-48E5-AAED-6B0F2A3349CF}.Release|Any CPU.ActiveCfg = Release|Any CPU
		{ADE8E7F5-0DD9-48E5-AAED-6B0F2A3349CF}.Release|Any CPU.Build.0 = Release|Any CPU
	EndGlobalSection
EndGlobal
